
Microsoft Visual Studio Solution File, Format Version 12.00
# Visual Studio Version 17
VisualStudioVersion = 17.10.35013.160
MinimumVisualStudioVersion = 10.0.40219.1
Project("{FAE04EC0-301F-11D3-BF4B-00C04F79EFBC}") = "OOP_LB1", "OOP_LB1.csproj", "{3043428C-2F99-4137-B5EE-E75B3058B343}"
EndProject
Project("{FAE04EC0-301F-11D3-BF4B-00C04F79EFBC}") = "OOP_LB1Tests", "..\OOP_LB1Tests\OOP_LB1Tests.csproj", "{CB559FC9-2EFC-457E-B1C7-02B29C74D9F7}"
EndProject
Global
	GlobalSection(SolutionConfigurationPlatforms) = preSolution
		Debug|Any CPU = Debug|Any CPU
		Release|Any CPU = Release|Any CPU
	EndGlobalSection
	GlobalSection(ProjectConfigurationPlatforms) = postSolution
		{3043428C-2F99-4137-B5EE-E75B3058B343}.Debug|Any CPU.ActiveCfg = Debug|Any CPU
		{3043428C-2F99-4137-B5EE-E75B3058B343}.Debug|Any CPU.Build.0 = Debug|Any CPU
		{3043428C-2F99-4137-B5EE-E75B3058B343}.Release|Any CPU.ActiveCfg = Release|Any CPU
		{3043428C-2F99-4137-B5EE-E75B3058B343}.Release|Any CPU.Build.0 = Release|Any CPU
		{CB559FC9-2EFC-457E-B1C7-02B29C74D9F7}.Debug|Any CPU.ActiveCfg = Debug|Any CPU
		{CB559FC9-2EFC-457E-B1C7-02B29C74D9F7}.Debug|Any CPU.Build.0 = Debug|Any CPU
		{CB559FC9-2EFC-457E-B1C7-02B29C74D9F7}.Release|Any CPU.ActiveCfg = Release|Any CPU
		{CB559FC9-2EFC-457E-B1C7-02B29C74D9F7}.Release|Any CPU.Build.0 = Release|Any CPU
	EndGlobalSection
	GlobalSection(SolutionProperties) = preSolution
		HideSolutionNode = FALSE
	EndGlobalSection
	GlobalSection(ExtensibilityGlobals) = postSolution
		SolutionGuid = {8CD13BD6-D003-4FA9-8B9D-CBC244C88723}
	EndGlobalSection
EndGlobal
